
Microsoft Visual Studio Solution File, Format Version 12.00
# Visual Studio Version 17
VisualStudioVersion = 17.10.34928.147
MinimumVisualStudioVersion = 10.0.40219.1
Project("{FAE04EC0-301F-11D3-BF4B-00C04F79EFBC}") = "VeniceApi", "VeniceApi\VeniceApi.csproj", "{357D2743-E784-4B7D-882A-8864D24FAAEF}"
EndProject
Project("{FAE04EC0-301F-11D3-BF4B-00C04F79EFBC}") = "EFDataAccessLibrary", "EFDataAccessLibrary\EFDataAccessLibrary.csproj", "{BA0AB8DE-5F57-4AE2-AE37-92240397E62F}"
EndProject
Global
	GlobalSection(SolutionConfigurationPlatforms) = preSolution
		Debug|Any CPU = Debug|Any CPU
		Release|Any CPU = Release|Any CPU
	EndGlobalSection
	GlobalSection(ProjectConfigurationPlatforms) = postSolution
		{357D2743-E784-4B7D-882A-8864D24FAAEF}.Debug|Any CPU.ActiveCfg = Debug|Any CPU
		{357D2743-E784-4B7D-882A-8864D24FAAEF}.Debug|Any CPU.Build.0 = Debug|Any CPU
		{357D2743-E784-4B7D-882A-8864D24FAAEF}.Release|Any CPU.ActiveCfg = Release|Any CPU
		{357D2743-E784-4B7D-882A-8864D24FAAEF}.Release|Any CPU.Build.0 = Release|Any CPU
		{BA0AB8DE-5F57-4AE2-AE37-92240397E62F}.Debug|Any CPU.ActiveCfg = Debug|Any CPU
		{BA0AB8DE-5F57-4AE2-AE37-92240397E62F}.Debug|Any CPU.Build.0 = Debug|Any CPU
		{BA0AB8DE-5F57-4AE2-AE37-92240397E62F}.Release|Any CPU.ActiveCfg = Release|Any CPU
		{BA0AB8DE-5F57-4AE2-AE37-92240397E62F}.Release|Any CPU.Build.0 = Release|Any CPU
	EndGlobalSection
	GlobalSection(SolutionProperties) = preSolution
		HideSolutionNode = FALSE
	EndGlobalSection
	GlobalSection(ExtensibilityGlobals) = postSolution
		SolutionGuid = {18740F8E-626F-48ED-A6DA-644EDEB22514}
	EndGlobalSection
EndGlobal
